
Microsoft Visual Studio Solution File, Format Version 12.00
# Visual Studio Version 17
VisualStudioVersion = 17.7.34031.279
MinimumVisualStudioVersion = 10.0.40219.1
Project("{FAE04EC0-301F-11D3-BF4B-00C04F79EFBC}") = "Lecture_7_TB_Labels_Buttons_RTB", "Lecture_7_TB_Labels_Buttons_RTB.csproj", "{C4FD8F25-E384-4F67-B0C7-115A93EB9A7A}"
EndProject
Global
	GlobalSection(SolutionConfigurationPlatforms) = preSolution
		Debug|Any CPU = Debug|Any CPU
		Release|Any CPU = Release|Any CPU
	EndGlobalSection
	GlobalSection(ProjectConfigurationPlatforms) = postSolution
		{C4FD8F25-E384-4F67-B0C7-115A93EB9A7A}.Debug|Any CPU.ActiveCfg = Debug|Any CPU
		{C4FD8F25-E384-4F67-B0C7-115A93EB9A7A}.Debug|Any CPU.Build.0 = Debug|Any CPU
		{C4FD8F25-E384-4F67-B0C7-115A93EB9A7A}.Release|Any CPU.ActiveCfg = Release|Any CPU
		{C4FD8F25-E384-4F67-B0C7-115A93EB9A7A}.Release|Any CPU.Build.0 = Release|Any CPU
	EndGlobalSection
	GlobalSection(SolutionProperties) = preSolution
		HideSolutionNode = FALSE
	EndGlobalSection
	GlobalSection(ExtensibilityGlobals) = postSolution
		SolutionGuid = {25F06E4A-BC55-4631-966F-0B59891EFDF9}
	EndGlobalSection
EndGlobal
